
Microsoft Visual Studio Solution File, Format Version 12.00
# Visual Studio Version 16
VisualStudioVersion = 16.0.30717.126
MinimumVisualStudioVersion = 10.0.40219.1
Project("{9A19103F-16F7-4668-BE54-9A1E7A4F7556}") = "Dahomey.Cbor", "Dahomey.Cbor\Dahomey.Cbor.csproj", "{89C2C751-0FB3-4CC1-B533-DB66213C7890}"
EndProject
Project("{9A19103F-16F7-4668-BE54-9A1E7A4F7556}") = "Dahomey.Cbor.Tests", "Dahomey.Cbor.Tests\Dahomey.Cbor.Tests.csproj", "{F95D4310-F3CC-4485-8568-7B3B5DAB81EC}"
EndProject
Global
	GlobalSection(SolutionConfigurationPlatforms) = preSolution
		Debug|Any CPU = Debug|Any CPU
		Release|Any CPU = Release|Any CPU
	EndGlobalSection
	GlobalSection(ProjectConfigurationPlatforms) = postSolution
		{89C2C751-0FB3-4CC1-B533-DB66213C7890}.Debug|Any CPU.ActiveCfg = Debug|Any CPU
		{89C2C751-0FB3-4CC1-B533-DB66213C7890}.Debug|Any CPU.Build.0 = Debug|Any CPU
		{89C2C751-0FB3-4CC1-B533-DB66213C7890}.Release|Any CPU.ActiveCfg = Release|Any CPU
		{89C2C751-0FB3-4CC1-B533-DB66213C7890}.Release|Any CPU.Build.0 = Release|Any CPU
		{F95D4310-F3CC-4485-8568-7B3B5DAB81EC}.Debug|Any CPU.ActiveCfg = Debug|Any CPU
		{F95D4310-F3CC-4485-8568-7B3B5DAB81EC}.Debug|Any CPU.Build.0 = Debug|Any CPU
		{F95D4310-F3CC-4485-8568-7B3B5DAB81EC}.Release|Any CPU.ActiveCfg = Release|Any CPU
		{F95D4310-F3CC-4485-8568-7B3B5DAB81EC}.Release|Any CPU.Build.0 = Release|Any CPU
	EndGlobalSection
	GlobalSection(SolutionProperties) = preSolution
		HideSolutionNode = FALSE
	EndGlobalSection
	GlobalSection(ExtensibilityGlobals) = postSolution
		SolutionGuid = {18A40DCD-B92D-41EF-8B40-C7DBE23D911A}
	EndGlobalSection
EndGlobal
